// !$*UTF8*$!
{
	archiveVersion = 1;
	classes = {
	};
	objectVersion = 46;
	objects = {

/* Begin PBXBuildFile section */
		07BC80E11DB24E5500F36BB0 /* Promise.swift in Sources */ = {isa = PBXBuildFile; fileRef = 07BC80E01DB24E5500F36BB0 /* Promise.swift */; };
		_LinkFileRef_Promise_via_PromiseTests /* Promise.framework in Frameworks */ = {isa = PBXBuildFile; fileRef = "_____Product_Promise" /* Promise.framework */; };
		__src_cc_ref_Tests/PromiseTests/PromiseTests.swift /* PromiseTests.swift in Sources */ = {isa = PBXBuildFile; fileRef = __PBXFileRef_Tests/PromiseTests/PromiseTests.swift /* PromiseTests.swift */; };
/* End PBXBuildFile section */

/* Begin PBXContainerItemProxy section */
		07BC80DF1DB24E3700F36BB0 /* PBXContainerItemProxy */ = {
			isa = PBXContainerItemProxy;
			containerPortal = __RootObject_ /* Project object */;
			proxyType = 1;
			remoteGlobalIDString = "______Target_Promise";
			remoteInfo = Promise;
		};
/* End PBXContainerItemProxy section */

/* Begin PBXFileReference section */
		07BC80E01DB24E5500F36BB0 /* Promise.swift */ = {isa = PBXFileReference; fileEncoding = 4; lastKnownFileType = sourcecode.swift; name = Promise.swift; path = Sources/Promise.swift; sourceTree = "<group>"; };
		__PBXFileRef_Package.swift /* Package.swift */ = {isa = PBXFileReference; lastKnownFileType = sourcecode.swift; path = Package.swift; sourceTree = "<group>"; };
		__PBXFileRef_Promise.xcodeproj/Configs/Project.xcconfig /* Promise.xcodeproj/Configs/Project.xcconfig */ = {isa = PBXFileReference; lastKnownFileType = text.xcconfig; path = Promise.xcodeproj/Configs/Project.xcconfig; sourceTree = "<group>"; };
		__PBXFileRef_Tests/PromiseTests/PromiseTests.swift /* PromiseTests.swift */ = {isa = PBXFileReference; lastKnownFileType = sourcecode.swift; path = PromiseTests.swift; sourceTree = "<group>"; };
		"_____Product_Promise" /* Promise.framework */ = {isa = PBXFileReference; explicitFileType = wrapper.framework; path = Promise.framework; sourceTree = BUILT_PRODUCTS_DIR; };
		"_____Product_PromiseTests" /* PromiseTests.xctest */ = {isa = PBXFileReference; explicitFileType = wrapper.cfbundle; path = PromiseTests.xctest; sourceTree = BUILT_PRODUCTS_DIR; };
/* End PBXFileReference section */

/* Begin PBXFrameworksBuildPhase section */
		"___LinkPhase_Promise" /* Frameworks */ = {
			isa = PBXFrameworksBuildPhase;
			buildActionMask = 0;
			files = (
			);
			runOnlyForDeploymentPostprocessing = 0;
		};
		"___LinkPhase_PromiseTests" /* Frameworks */ = {
			isa = PBXFrameworksBuildPhase;
			buildActionMask = 0;
			files = (
				_LinkFileRef_Promise_via_PromiseTests /* Promise.framework in Frameworks */,
			);
			runOnlyForDeploymentPostprocessing = 0;
		};
/* End PBXFrameworksBuildPhase section */

/* Begin PBXGroup section */
		TestProducts_ /* Tests */ = {
			isa = PBXGroup;
			children = (
				"_____Product_PromiseTests" /* PromiseTests.xctest */,
			);
			name = Tests;
			sourceTree = "<group>";
		};
		"___RootGroup_" = {
			isa = PBXGroup;
			children = (
				__PBXFileRef_Package.swift /* Package.swift */,
				"_____Configs_" /* Configs */,
				"_____Sources_" /* Sources */,
				"_______Tests_" /* Tests */,
				"____Products_" /* Products */,
			);
			sourceTree = "<group>";
		};
		"____Products_" /* Products */ = {
			isa = PBXGroup;
			children = (
				TestProducts_ /* Tests */,
				"_____Product_Promise" /* Promise.framework */,
			);
			name = Products;
			sourceTree = "<group>";
		};
		"_____Configs_" /* Configs */ = {
			isa = PBXGroup;
			children = (
				__PBXFileRef_Promise.xcodeproj/Configs/Project.xcconfig /* Promise.xcodeproj/Configs/Project.xcconfig */,
			);
			name = Configs;
			sourceTree = "<group>";
		};
		"_____Sources_" /* Sources */ = {
			isa = PBXGroup;
			children = (
				07BC80E01DB24E5500F36BB0 /* Promise.swift */,
			);
			name = Sources;
			sourceTree = "<group>";
		};
		"_______Group_PromiseTests" /* PromiseTests */ = {
			isa = PBXGroup;
			children = (
				__PBXFileRef_Tests/PromiseTests/PromiseTests.swift /* PromiseTests.swift */,
			);
			name = PromiseTests;
			path = Tests/PromiseTests;
			sourceTree = "<group>";
		};
		"_______Tests_" /* Tests */ = {
			isa = PBXGroup;
			children = (
				"_______Group_PromiseTests" /* PromiseTests */,
			);
			name = Tests;
			sourceTree = "<group>";
		};
/* End PBXGroup section */

/* Begin PBXNativeTarget section */
		"______Target_Promise" /* Promise */ = {
			isa = PBXNativeTarget;
			buildConfigurationList = "_______Confs_Promise" /* Build configuration list for PBXNativeTarget "Promise" */;
			buildPhases = (
				CompilePhase_Promise /* Sources */,
				"___LinkPhase_Promise" /* Frameworks */,
			);
			buildRules = (
			);
			dependencies = (
			);
			name = Promise;
			productName = Promise;
			productReference = "_____Product_Promise" /* Promise.framework */;
			productType = "com.apple.product-type.framework";
		};
		"______Target_PromiseTests" /* PromiseTests */ = {
			isa = PBXNativeTarget;
			buildConfigurationList = "_______Confs_PromiseTests" /* Build configuration list for PBXNativeTarget "PromiseTests" */;
			buildPhases = (
				CompilePhase_PromiseTests /* Sources */,
				"___LinkPhase_PromiseTests" /* Frameworks */,
			);
			buildRules = (
			);
			dependencies = (
				__Dependency_Promise /* PBXTargetDependency */,
			);
			name = PromiseTests;
			productName = PromiseTests;
			productReference = "_____Product_PromiseTests" /* PromiseTests.xctest */;
			productType = "com.apple.product-type.bundle.unit-test";
		};
/* End PBXNativeTarget section */

/* Begin PBXProject section */
		__RootObject_ /* Project object */ = {
			isa = PBXProject;
			attributes = {
				LastUpgradeCheck = 9999;
				TargetAttributes = {
					"______Target_Promise" = {
						LastSwiftMigration = 0920;
					};
					"______Target_PromiseTests" = {
						LastSwiftMigration = 0920;
					};
				};
			};
			buildConfigurationList = "___RootConfs_" /* Build configuration list for PBXProject "Promise" */;
			compatibilityVersion = "Xcode 3.2";
			developmentRegion = English;
			hasScannedForEncodings = 0;
			knownRegions = (
				en,
			);
			mainGroup = "___RootGroup_";
			productRefGroup = "____Products_" /* Products */;
			projectDirPath = "";
			projectRoot = "";
			targets = (
				"______Target_Promise" /* Promise */,
				"______Target_PromiseTests" /* PromiseTests */,
			);
		};
/* End PBXProject section */

/* Begin PBXSourcesBuildPhase section */
		CompilePhase_Promise /* Sources */ = {
			isa = PBXSourcesBuildPhase;
			buildActionMask = 0;
			files = (
				07BC80E11DB24E5500F36BB0 /* Promise.swift in Sources */,
			);
			runOnlyForDeploymentPostprocessing = 0;
		};
		CompilePhase_PromiseTests /* Sources */ = {
			isa = PBXSourcesBuildPhase;
			buildActionMask = 0;
			files = (
				__src_cc_ref_Tests/PromiseTests/PromiseTests.swift /* PromiseTests.swift in Sources */,
			);
			runOnlyForDeploymentPostprocessing = 0;
		};
/* End PBXSourcesBuildPhase section */

/* Begin PBXTargetDependency section */
		__Dependency_Promise /* PBXTargetDependency */ = {
			isa = PBXTargetDependency;
			target = "______Target_Promise" /* Promise */;
			targetProxy = 07BC80DF1DB24E3700F36BB0 /* PBXContainerItemProxy */;
		};
/* End PBXTargetDependency section */

/* Begin XCBuildConfiguration section */
		_ReleaseConf_Promise /* Release */ = {
			isa = XCBuildConfiguration;
			buildSettings = {
				CLANG_ENABLE_MODULES = YES;
				DEFINES_MODULE = YES;
				ENABLE_TESTABILITY = YES;
				FRAMEWORK_SEARCH_PATHS = "$(PLATFORM_DIR)/Developer/Library/Frameworks";
				INFOPLIST_FILE = Promise.xcodeproj/Promise_Info.plist;
				LD_RUNPATH_SEARCH_PATHS = "$(TOOLCHAIN_DIR)/usr/lib/swift/macosx";
				OTHER_LDFLAGS = "$(inherited)";
				OTHER_SWIFT_FLAGS = "$(inherited)";
				PRODUCT_BUNDLE_IDENTIFIER = Promise;
				PRODUCT_MODULE_NAME = "$(TARGET_NAME:c99extidentifier)";
				PRODUCT_NAME = "$(TARGET_NAME:c99extidentifier)";
				SWIFT_VERSION = 4.0;
			};
			name = Release;
		};
		_ReleaseConf_PromiseTests /* Release */ = {
			isa = XCBuildConfiguration;
			buildSettings = {
				ALWAYS_EMBED_SWIFT_STANDARD_LIBRARIES = YES;
				EMBEDDED_CONTENT_CONTAINS_SWIFT = YES;
				FRAMEWORK_SEARCH_PATHS = "$(PLATFORM_DIR)/Developer/Library/Frameworks";
				INFOPLIST_FILE = Promise.xcodeproj/PromiseTests_Info.plist;
				LD_RUNPATH_SEARCH_PATHS = "@loader_path/../Frameworks";
				OTHER_LDFLAGS = "$(inherited)";
				OTHER_SWIFT_FLAGS = "$(inherited)";
				SWIFT_VERSION = 4.0;
			};
			name = Release;
		};
		"___DebugConf_Promise" /* Debug */ = {
			isa = XCBuildConfiguration;
			buildSettings = {
				CLANG_ENABLE_MODULES = YES;
				DEFINES_MODULE = YES;
				ENABLE_TESTABILITY = YES;
				FRAMEWORK_SEARCH_PATHS = "$(PLATFORM_DIR)/Developer/Library/Frameworks";
				INFOPLIST_FILE = Promise.xcodeproj/Promise_Info.plist;
				LD_RUNPATH_SEARCH_PATHS = "$(TOOLCHAIN_DIR)/usr/lib/swift/macosx";
				OTHER_LDFLAGS = "$(inherited)";
				OTHER_SWIFT_FLAGS = "$(inherited)";
				PRODUCT_BUNDLE_IDENTIFIER = Promise;
				PRODUCT_MODULE_NAME = "$(TARGET_NAME:c99extidentifier)";
				PRODUCT_NAME = "$(TARGET_NAME:c99extidentifier)";
				SWIFT_OPTIMIZATION_LEVEL = "-Onone";
				SWIFT_VERSION = 4.0;
			};
			name = Debug;
		};
		"___DebugConf_PromiseTests" /* Debug */ = {
			isa = XCBuildConfiguration;
			buildSettings = {
				ALWAYS_EMBED_SWIFT_STANDARD_LIBRARIES = YES;
				EMBEDDED_CONTENT_CONTAINS_SWIFT = YES;
				FRAMEWORK_SEARCH_PATHS = "$(PLATFORM_DIR)/Developer/Library/Frameworks";
				INFOPLIST_FILE = Promise.xcodeproj/PromiseTests_Info.plist;
				LD_RUNPATH_SEARCH_PATHS = "@loader_path/../Frameworks";
				OTHER_LDFLAGS = "$(inherited)";
				OTHER_SWIFT_FLAGS = "$(inherited)";
				SWIFT_OPTIMIZATION_LEVEL = "-Onone";
				SWIFT_VERSION = 4.0;
			};
			name = Debug;
		};
		"_____Release_" /* Release */ = {
			isa = XCBuildConfiguration;
			baseConfigurationReference = __PBXFileRef_Promise.xcodeproj/Configs/Project.xcconfig /* Promise.xcodeproj/Configs/Project.xcconfig */;
			buildSettings = {
			};
			name = Release;
		};
		"_______Debug_" /* Debug */ = {
			isa = XCBuildConfiguration;
			baseConfigurationReference = __PBXFileRef_Promise.xcodeproj/Configs/Project.xcconfig /* Promise.xcodeproj/Configs/Project.xcconfig */;
			buildSettings = {
			};
			name = Debug;
		};
/* End XCBuildConfiguration section */

/* Begin XCConfigurationList section */
		"___RootConfs_" /* Build configuration list for PBXProject "Promise" */ = {
			isa = XCConfigurationList;
			buildConfigurations = (
				"_______Debug_" /* Debug */,
				"_____Release_" /* Release */,
			);
			defaultConfigurationIsVisible = 0;
			defaultConfigurationName = Debug;
		};
		"_______Confs_Promise" /* Build configuration list for PBXNativeTarget "Promise" */ = {
			isa = XCConfigurationList;
			buildConfigurations = (
				"___DebugConf_Promise" /* Debug */,
				_ReleaseConf_Promise /* Release */,
			);
			defaultConfigurationIsVisible = 0;
			defaultConfigurationName = Debug;
		};
		"_______Confs_PromiseTests" /* Build configuration list for PBXNativeTarget "PromiseTests" */ = {
			isa = XCConfigurationList;
			buildConfigurations = (
				"___DebugConf_PromiseTests" /* Debug */,
				_ReleaseConf_PromiseTests /* Release */,
			);
			defaultConfigurationIsVisible = 0;
			defaultConfigurationName = Debug;
		};
/* End XCConfigurationList section */
	};
	rootObject = __RootObject_ /* Project object */;
}
